
Microsoft Visual Studio Solution File, Format Version 12.00
# Visual Studio Version 16
VisualStudioVersion = 16.0.30320.27
MinimumVisualStudioVersion = 10.0.40219.1
Project("{9A19103F-16F7-4668-BE54-9A1E7A4F7556}") = "MyList", "MyList\MyList.csproj", "{3806577B-A145-4FD4-AE39-E44FEA8FCF54}"
EndProject
Project("{FAE04EC0-301F-11D3-BF4B-00C04F79EFBC}") = "MyListTests", "MyListTests\MyListTests.csproj", "{56F53EBD-3D99-4181-B136-E1A3ED026443}"
EndProject
Global
	GlobalSection(SolutionConfigurationPlatforms) = preSolution
		Debug|Any CPU = Debug|Any CPU
		Release|Any CPU = Release|Any CPU
	EndGlobalSection
	GlobalSection(ProjectConfigurationPlatforms) = postSolution
		{3806577B-A145-4FD4-AE39-E44FEA8FCF54}.Debug|Any CPU.ActiveCfg = Debug|Any CPU
		{3806577B-A145-4FD4-AE39-E44FEA8FCF54}.Debug|Any CPU.Build.0 = Debug|Any CPU
		{3806577B-A145-4FD4-AE39-E44FEA8FCF54}.Release|Any CPU.ActiveCfg = Release|Any CPU
		{3806577B-A145-4FD4-AE39-E44FEA8FCF54}.Release|Any CPU.Build.0 = Release|Any CPU
		{56F53EBD-3D99-4181-B136-E1A3ED026443}.Debug|Any CPU.ActiveCfg = Debug|Any CPU
		{56F53EBD-3D99-4181-B136-E1A3ED026443}.Debug|Any CPU.Build.0 = Debug|Any CPU
		{56F53EBD-3D99-4181-B136-E1A3ED026443}.Release|Any CPU.ActiveCfg = Release|Any CPU
		{56F53EBD-3D99-4181-B136-E1A3ED026443}.Release|Any CPU.Build.0 = Release|Any CPU
	EndGlobalSection
	GlobalSection(SolutionProperties) = preSolution
		HideSolutionNode = FALSE
	EndGlobalSection
	GlobalSection(ExtensibilityGlobals) = postSolution
		SolutionGuid = {8599AC84-E23F-4414-A400-F2E5A3A0233D}
	EndGlobalSection
EndGlobal
